
Microsoft Visual Studio Solution File, Format Version 12.00
# Visual Studio Version 17
VisualStudioVersion = 17.14.36511.14 d17.14
MinimumVisualStudioVersion = 10.0.40219.1
Project("{FAE04EC0-301F-11D3-BF4B-00C04F79EFBC}") = "ListsAndLoops", "ListsAndLoops\ListsAndLoops.csproj", "{22CEC004-C57E-4EB1-A74E-BC4E5251CD6B}"
EndProject
Global
	GlobalSection(SolutionConfigurationPlatforms) = preSolution
		Debug|Any CPU = Debug|Any CPU
		Release|Any CPU = Release|Any CPU
	EndGlobalSection
	GlobalSection(ProjectConfigurationPlatforms) = postSolution
		{22CEC004-C57E-4EB1-A74E-BC4E5251CD6B}.Debug|Any CPU.ActiveCfg = Debug|Any CPU
		{22CEC004-C57E-4EB1-A74E-BC4E5251CD6B}.Debug|Any CPU.Build.0 = Debug|Any CPU
		{22CEC004-C57E-4EB1-A74E-BC4E5251CD6B}.Release|Any CPU.ActiveCfg = Release|Any CPU
		{22CEC004-C57E-4EB1-A74E-BC4E5251CD6B}.Release|Any CPU.Build.0 = Release|Any CPU
	EndGlobalSection
	GlobalSection(SolutionProperties) = preSolution
		HideSolutionNode = FALSE
	EndGlobalSection
	GlobalSection(ExtensibilityGlobals) = postSolution
		SolutionGuid = {52E38735-4DFC-46F3-9E8F-B0FDEB344E17}
	EndGlobalSection
EndGlobal
