
Microsoft Visual Studio Solution File, Format Version 12.00
Project("{FAE04EC0-301F-11D3-BF4B-00C04F79EFBC}") = "WhileLoop", "WhileLoop\WhileLoop.csproj", "{21460CEA-BA45-4823-8D2E-8778FA2632A8}"
EndProject
Global
	GlobalSection(SolutionConfigurationPlatforms) = preSolution
		Debug|Any CPU = Debug|Any CPU
		Release|Any CPU = Release|Any CPU
	EndGlobalSection
	GlobalSection(ProjectConfigurationPlatforms) = postSolution
		{21460CEA-BA45-4823-8D2E-8778FA2632A8}.Debug|Any CPU.ActiveCfg = Debug|Any CPU
		{21460CEA-BA45-4823-8D2E-8778FA2632A8}.Debug|Any CPU.Build.0 = Debug|Any CPU
		{21460CEA-BA45-4823-8D2E-8778FA2632A8}.Release|Any CPU.ActiveCfg = Release|Any CPU
		{21460CEA-BA45-4823-8D2E-8778FA2632A8}.Release|Any CPU.Build.0 = Release|Any CPU
	EndGlobalSection
EndGlobal
