
Microsoft Visual Studio Solution File, Format Version 12.00
# Visual Studio Version 17
VisualStudioVersion = 17.14.36518.9 d17.14
MinimumVisualStudioVersion = 10.0.40219.1
Project("{FAE04EC0-301F-11D3-BF4B-00C04F79EFBC}") = "FinalMiniProject", "FinalMiniProject\FinalMiniProject.csproj", "{7BA52C0F-F406-4E21-9583-8780B3C0F2F7}"
EndProject
Global
	GlobalSection(SolutionConfigurationPlatforms) = preSolution
		Debug|Any CPU = Debug|Any CPU
		Release|Any CPU = Release|Any CPU
	EndGlobalSection
	GlobalSection(ProjectConfigurationPlatforms) = postSolution
		{7BA52C0F-F406-4E21-9583-8780B3C0F2F7}.Debug|Any CPU.ActiveCfg = Debug|Any CPU
		{7BA52C0F-F406-4E21-9583-8780B3C0F2F7}.Debug|Any CPU.Build.0 = Debug|Any CPU
		{7BA52C0F-F406-4E21-9583-8780B3C0F2F7}.Release|Any CPU.ActiveCfg = Release|Any CPU
		{7BA52C0F-F406-4E21-9583-8780B3C0F2F7}.Release|Any CPU.Build.0 = Release|Any CPU
	EndGlobalSection
	GlobalSection(SolutionProperties) = preSolution
		HideSolutionNode = FALSE
	EndGlobalSection
	GlobalSection(ExtensibilityGlobals) = postSolution
		SolutionGuid = {3A756FA9-F5E3-4C2C-9B53-90B8D3A83146}
	EndGlobalSection
EndGlobal
