
Microsoft Visual Studio Solution File, Format Version 12.00
# Visual Studio Version 17
VisualStudioVersion = 17.14.36518.9 d17.14
MinimumVisualStudioVersion = 10.0.40219.1
Project("{FAE04EC0-301F-11D3-BF4B-00C04F79EFBC}") = "Factorial", "Factorial\Factorial.csproj", "{272E6A4C-849C-45D6-95B1-275DCC42E0A9}"
EndProject
Global
	GlobalSection(SolutionConfigurationPlatforms) = preSolution
		Debug|Any CPU = Debug|Any CPU
		Release|Any CPU = Release|Any CPU
	EndGlobalSection
	GlobalSection(ProjectConfigurationPlatforms) = postSolution
		{272E6A4C-849C-45D6-95B1-275DCC42E0A9}.Debug|Any CPU.ActiveCfg = Debug|Any CPU
		{272E6A4C-849C-45D6-95B1-275DCC42E0A9}.Debug|Any CPU.Build.0 = Debug|Any CPU
		{272E6A4C-849C-45D6-95B1-275DCC42E0A9}.Release|Any CPU.ActiveCfg = Release|Any CPU
		{272E6A4C-849C-45D6-95B1-275DCC42E0A9}.Release|Any CPU.Build.0 = Release|Any CPU
	EndGlobalSection
	GlobalSection(SolutionProperties) = preSolution
		HideSolutionNode = FALSE
	EndGlobalSection
	GlobalSection(ExtensibilityGlobals) = postSolution
		SolutionGuid = {3801E631-5FDE-4C59-A499-058E0047F2CD}
	EndGlobalSection
EndGlobal
