
Microsoft Visual Studio Solution File, Format Version 12.00
# Visual Studio Version 17
VisualStudioVersion = 17.14.36518.9 d17.14
MinimumVisualStudioVersion = 10.0.40219.1
Project("{FAE04EC0-301F-11D3-BF4B-00C04F79EFBC}") = "StringFormatting", "StringFormatting\StringFormatting.csproj", "{D0FA4B52-B26A-4DE9-8D90-A572779381EF}"
EndProject
Global
	GlobalSection(SolutionConfigurationPlatforms) = preSolution
		Debug|Any CPU = Debug|Any CPU
		Release|Any CPU = Release|Any CPU
	EndGlobalSection
	GlobalSection(ProjectConfigurationPlatforms) = postSolution
		{D0FA4B52-B26A-4DE9-8D90-A572779381EF}.Debug|Any CPU.ActiveCfg = Debug|Any CPU
		{D0FA4B52-B26A-4DE9-8D90-A572779381EF}.Debug|Any CPU.Build.0 = Debug|Any CPU
		{D0FA4B52-B26A-4DE9-8D90-A572779381EF}.Release|Any CPU.ActiveCfg = Release|Any CPU
		{D0FA4B52-B26A-4DE9-8D90-A572779381EF}.Release|Any CPU.Build.0 = Release|Any CPU
	EndGlobalSection
	GlobalSection(SolutionProperties) = preSolution
		HideSolutionNode = FALSE
	EndGlobalSection
	GlobalSection(ExtensibilityGlobals) = postSolution
		SolutionGuid = {E2E28A8C-46E5-4F9C-983B-94B3C08143C6}
	EndGlobalSection
EndGlobal
